{
  "name": "nft-marketplace",
  "version": "1.0.0",
  "lockfileVersion": 2,
  "requires": true,
  "packages": {
    "": {
      "version": "1.0.0",
      "license": "ISC",
      "dependencies": {
        "@openzeppelin/contracts": "^4.4.2"
      },
      "devDependencies": {}
    },
    "node_modules/@openzeppelin/contracts": {
      "version": "4.4.2",
      "license": "MIT"
    }
  },
  "dependencies": {
    "@openzeppelin/contracts": {
      "version": "4.4.2"
    }
  }
}
